
Microsoft Visual Studio Solution File, Format Version 12.00
# Visual Studio Version 17
VisualStudioVersion = 17.10.34916.146
MinimumVisualStudioVersion = 10.0.40219.1
Project("{FAE04EC0-301F-11D3-BF4B-00C04F79EFBC}") = "PetFolio.API", "PetFolio.API\PetFolio.API.csproj", "{52935E0D-8DBB-4367-8D1C-910A5EA2A0B3}"
EndProject
Project("{FAE04EC0-301F-11D3-BF4B-00C04F79EFBC}") = "PetFolio.Communication", "PetFolio.Communication\PetFolio.Communication.csproj", "{79B4B6D2-C02A-42E4-AFA4-20CA0FB47827}"
EndProject
Project("{FAE04EC0-301F-11D3-BF4B-00C04F79EFBC}") = "PetFolio.Application", "PetFolio.Application\PetFolio.Application.csproj", "{D92F0AB9-6F41-4AA0-89DF-C45F04B064C2}"
EndProject
Global
	GlobalSection(SolutionConfigurationPlatforms) = preSolution
		Debug|Any CPU = Debug|Any CPU
		Release|Any CPU = Release|Any CPU
	EndGlobalSection
	GlobalSection(ProjectConfigurationPlatforms) = postSolution
		{52935E0D-8DBB-4367-8D1C-910A5EA2A0B3}.Debug|Any CPU.ActiveCfg = Debug|Any CPU
		{52935E0D-8DBB-4367-8D1C-910A5EA2A0B3}.Debug|Any CPU.Build.0 = Debug|Any CPU
		{52935E0D-8DBB-4367-8D1C-910A5EA2A0B3}.Release|Any CPU.ActiveCfg = Release|Any CPU
		{52935E0D-8DBB-4367-8D1C-910A5EA2A0B3}.Release|Any CPU.Build.0 = Release|Any CPU
		{79B4B6D2-C02A-42E4-AFA4-20CA0FB47827}.Debug|Any CPU.ActiveCfg = Debug|Any CPU
		{79B4B6D2-C02A-42E4-AFA4-20CA0FB47827}.Debug|Any CPU.Build.0 = Debug|Any CPU
		{79B4B6D2-C02A-42E4-AFA4-20CA0FB47827}.Release|Any CPU.ActiveCfg = Release|Any CPU
		{79B4B6D2-C02A-42E4-AFA4-20CA0FB47827}.Release|Any CPU.Build.0 = Release|Any CPU
		{D92F0AB9-6F41-4AA0-89DF-C45F04B064C2}.Debug|Any CPU.ActiveCfg = Debug|Any CPU
		{D92F0AB9-6F41-4AA0-89DF-C45F04B064C2}.Debug|Any CPU.Build.0 = Debug|Any CPU
		{D92F0AB9-6F41-4AA0-89DF-C45F04B064C2}.Release|Any CPU.ActiveCfg = Release|Any CPU
		{D92F0AB9-6F41-4AA0-89DF-C45F04B064C2}.Release|Any CPU.Build.0 = Release|Any CPU
	EndGlobalSection
	GlobalSection(SolutionProperties) = preSolution
		HideSolutionNode = FALSE
	EndGlobalSection
	GlobalSection(ExtensibilityGlobals) = postSolution
		SolutionGuid = {40F4AF24-6CBC-4402-B251-75AB4E38BAAE}
	EndGlobalSection
EndGlobal
