
Microsoft Visual Studio Solution File, Format Version 12.00
# Visual Studio Version 17
VisualStudioVersion = 17.9.34728.123
MinimumVisualStudioVersion = 10.0.40219.1
Project("{FAE04EC0-301F-11D3-BF4B-00C04F79EFBC}") = "Desafio.API", "Desafio\Desafio.API.csproj", "{31D08CEF-8922-4C08-9B34-541F23F39279}"
EndProject
Project("{FAE04EC0-301F-11D3-BF4B-00C04F79EFBC}") = "Desafio.Application", "Desafio.Application\Desafio.Application.csproj", "{3AFDC15F-EF6D-45C7-AA92-93E88D5BA389}"
EndProject
Project("{FAE04EC0-301F-11D3-BF4B-00C04F79EFBC}") = "Desafio.Communication", "Desafio.Communication\Desafio.Communication.csproj", "{29C4BC4B-75CA-4FBD-8126-D2854628D907}"
EndProject
Global
	GlobalSection(SolutionConfigurationPlatforms) = preSolution
		Debug|Any CPU = Debug|Any CPU
		Release|Any CPU = Release|Any CPU
	EndGlobalSection
	GlobalSection(ProjectConfigurationPlatforms) = postSolution
		{31D08CEF-8922-4C08-9B34-541F23F39279}.Debug|Any CPU.ActiveCfg = Debug|Any CPU
		{31D08CEF-8922-4C08-9B34-541F23F39279}.Debug|Any CPU.Build.0 = Debug|Any CPU
		{31D08CEF-8922-4C08-9B34-541F23F39279}.Release|Any CPU.ActiveCfg = Release|Any CPU
		{31D08CEF-8922-4C08-9B34-541F23F39279}.Release|Any CPU.Build.0 = Release|Any CPU
		{3AFDC15F-EF6D-45C7-AA92-93E88D5BA389}.Debug|Any CPU.ActiveCfg = Debug|Any CPU
		{3AFDC15F-EF6D-45C7-AA92-93E88D5BA389}.Debug|Any CPU.Build.0 = Debug|Any CPU
		{3AFDC15F-EF6D-45C7-AA92-93E88D5BA389}.Release|Any CPU.ActiveCfg = Release|Any CPU
		{3AFDC15F-EF6D-45C7-AA92-93E88D5BA389}.Release|Any CPU.Build.0 = Release|Any CPU
		{29C4BC4B-75CA-4FBD-8126-D2854628D907}.Debug|Any CPU.ActiveCfg = Debug|Any CPU
		{29C4BC4B-75CA-4FBD-8126-D2854628D907}.Debug|Any CPU.Build.0 = Debug|Any CPU
		{29C4BC4B-75CA-4FBD-8126-D2854628D907}.Release|Any CPU.ActiveCfg = Release|Any CPU
		{29C4BC4B-75CA-4FBD-8126-D2854628D907}.Release|Any CPU.Build.0 = Release|Any CPU
	EndGlobalSection
	GlobalSection(SolutionProperties) = preSolution
		HideSolutionNode = FALSE
	EndGlobalSection
	GlobalSection(ExtensibilityGlobals) = postSolution
		SolutionGuid = {E36D80CF-249D-4B0C-A22E-1B8142278B09}
	EndGlobalSection
EndGlobal
