
Microsoft Visual Studio Solution File, Format Version 12.00
# Visual Studio Version 17
VisualStudioVersion = 17.9.34728.123
MinimumVisualStudioVersion = 10.0.40219.1
Project("{FAE04EC0-301F-11D3-BF4B-00C04F79EFBC}") = "ExercicioUm", "ExercicioUm\ExercicioUm.csproj", "{346C935A-C8F3-47AD-8530-C0E0482F6DF8}"
EndProject
Global
	GlobalSection(SolutionConfigurationPlatforms) = preSolution
		Debug|Any CPU = Debug|Any CPU
		Release|Any CPU = Release|Any CPU
	EndGlobalSection
	GlobalSection(ProjectConfigurationPlatforms) = postSolution
		{346C935A-C8F3-47AD-8530-C0E0482F6DF8}.Debug|Any CPU.ActiveCfg = Debug|Any CPU
		{346C935A-C8F3-47AD-8530-C0E0482F6DF8}.Debug|Any CPU.Build.0 = Debug|Any CPU
		{346C935A-C8F3-47AD-8530-C0E0482F6DF8}.Release|Any CPU.ActiveCfg = Release|Any CPU
		{346C935A-C8F3-47AD-8530-C0E0482F6DF8}.Release|Any CPU.Build.0 = Release|Any CPU
	EndGlobalSection
	GlobalSection(SolutionProperties) = preSolution
		HideSolutionNode = FALSE
	EndGlobalSection
	GlobalSection(ExtensibilityGlobals) = postSolution
		SolutionGuid = {77ED0BC1-21A9-4429-BFA3-53A26378AFA3}
	EndGlobalSection
EndGlobal
